// !$*UTF8*$!
{
	archiveVersion = 1;
	classes = {
	};
	objectVersion = 50;
	objects = {

/* Begin PBXBuildFile section */
		B20D555124159F5C002A258C /* AppDelegate.swift in Sources */ = {isa = PBXBuildFile; fileRef = B20D555024159F5C002A258C /* AppDelegate.swift */; };
		B20D555324159F5C002A258C /* SceneDelegate.swift in Sources */ = {isa = PBXBuildFile; fileRef = B20D555224159F5C002A258C /* SceneDelegate.swift */; };
		B20D555524159F5C002A258C /* ContentView.swift in Sources */ = {isa = PBXBuildFile; fileRef = B20D555424159F5C002A258C /* ContentView.swift */; };
		B20D555724159F5D002A258C /* Assets.xcassets in Resources */ = {isa = PBXBuildFile; fileRef = B20D555624159F5D002A258C /* Assets.xcassets */; };
		B20D555A24159F5D002A258C /* Preview Assets.xcassets in Resources */ = {isa = PBXBuildFile; fileRef = B20D555924159F5D002A258C /* Preview Assets.xcassets */; };
		B20D555D24159F5D002A258C /* LaunchScreen.storyboard in Resources */ = {isa = PBXBuildFile; fileRef = B20D555B24159F5D002A258C /* LaunchScreen.storyboard */; };
		B20D556824159F5D002A258C /* WeSplitTests.swift in Sources */ = {isa = PBXBuildFile; fileRef = B20D556724159F5D002A258C /* WeSplitTests.swift */; };
		B20D557324159F5D002A258C /* WeSplitUITests.swift in Sources */ = {isa = PBXBuildFile; fileRef = B20D557224159F5D002A258C /* WeSplitUITests.swift */; };
/* End PBXBuildFile section */

/* Begin PBXContainerItemProxy section */
		B20D556424159F5D002A258C /* PBXContainerItemProxy */ = {
			isa = PBXContainerItemProxy;
			containerPortal = B20D554524159F5C002A258C /* Project object */;
			proxyType = 1;
			remoteGlobalIDString = B20D554C24159F5C002A258C;
			remoteInfo = WeSplit;
		};
		B20D556F24159F5D002A258C /* PBXContainerItemProxy */ = {
			isa = PBXContainerItemProxy;
			containerPortal = B20D554524159F5C002A258C /* Project object */;
			proxyType = 1;
			remoteGlobalIDString = B20D554C24159F5C002A258C;
			remoteInfo = WeSplit;
		};
/* End PBXContainerItemProxy section */

/* Begin PBXFileReference section */
		B20D554D24159F5C002A258C /* WeSplit.app */ = {isa = PBXFileReference; explicitFileType = wrapper.application; includeInIndex = 0; path = WeSplit.app; sourceTree = BUILT_PRODUCTS_DIR; };
		B20D555024159F5C002A258C /* AppDelegate.swift */ = {isa = PBXFileReference; lastKnownFileType = sourcecode.swift; path = AppDelegate.swift; sourceTree = "<group>"; };
		B20D555224159F5C002A258C /* SceneDelegate.swift */ = {isa = PBXFileReference; lastKnownFileType = sourcecode.swift; path = SceneDelegate.swift; sourceTree = "<group>"; };
		B20D555424159F5C002A258C /* ContentView.swift */ = {isa = PBXFileReference; lastKnownFileType = sourcecode.swift; path = ContentView.swift; sourceTree = "<group>"; };
		B20D555624159F5D002A258C /* Assets.xcassets */ = {isa = PBXFileReference; lastKnownFileType = folder.assetcatalog; path = Assets.xcassets; sourceTree = "<group>"; };
		B20D555924159F5D002A258C /* Preview Assets.xcassets */ = {isa = PBXFileReference; lastKnownFileType = folder.assetcatalog; path = "Preview Assets.xcassets"; sourceTree = "<group>"; };
		B20D555C24159F5D002A258C /* Base */ = {isa = PBXFileReference; lastKnownFileType = file.storyboard; name = Base; path = Base.lproj/LaunchScreen.storyboard; sourceTree = "<group>"; };
		B20D555E24159F5D002A258C /* Info.plist */ = {isa = PBXFileReference; lastKnownFileType = text.plist.xml; path = Info.plist; sourceTree = "<group>"; };
		B20D556324159F5D002A258C /* WeSplitTests.xctest */ = {isa = PBXFileReference; explicitFileType = wrapper.cfbundle; includeInIndex = 0; path = WeSplitTests.xctest; sourceTree = BUILT_PRODUCTS_DIR; };
		B20D556724159F5D002A258C /* WeSplitTests.swift */ = {isa = PBXFileReference; lastKnownFileType = sourcecode.swift; path = WeSplitTests.swift; sourceTree = "<group>"; };
		B20D556924159F5D002A258C /* Info.plist */ = {isa = PBXFileReference; lastKnownFileType = text.plist.xml; path = Info.plist; sourceTree = "<group>"; };
		B20D556E24159F5D002A258C /* WeSplitUITests.xctest */ = {isa = PBXFileReference; explicitFileType = wrapper.cfbundle; includeInIndex = 0; path = WeSplitUITests.xctest; sourceTree = BUILT_PRODUCTS_DIR; };
		B20D557224159F5D002A258C /* WeSplitUITests.swift */ = {isa = PBXFileReference; lastKnownFileType = sourcecode.swift; path = WeSplitUITests.swift; sourceTree = "<group>"; };
		B20D557424159F5D002A258C /* Info.plist */ = {isa = PBXFileReference; lastKnownFileType = text.plist.xml; path = Info.plist; sourceTree = "<group>"; };
/* End PBXFileReference section */

/* Begin PBXFrameworksBuildPhase section */
		B20D554A24159F5C002A258C /* Frameworks */ = {
			isa = PBXFrameworksBuildPhase;
			buildActionMask = 2147483647;
			files = (
			);
			runOnlyForDeploymentPostprocessing = 0;
		};
		B20D556024159F5D002A258C /* Frameworks */ = {
			isa = PBXFrameworksBuildPhase;
			buildActionMask = 2147483647;
			files = (
			);
			runOnlyForDeploymentPostprocessing = 0;
		};
		B20D556B24159F5D002A258C /* Frameworks */ = {
			isa = PBXFrameworksBuildPhase;
			buildActionMask = 2147483647;
			files = (
			);
			runOnlyForDeploymentPostprocessing = 0;
		};
/* End PBXFrameworksBuildPhase section */

/* Begin PBXGroup section */
		B20D554424159F5C002A258C = {
			isa = PBXGroup;
			children = (
				B20D554F24159F5C002A258C /* WeSplit */,
				B20D556624159F5D002A258C /* WeSplitTests */,
				B20D557124159F5D002A258C /* WeSplitUITests */,
				B20D554E24159F5C002A258C /* Products */,
			);
			sourceTree = "<group>";
		};
		B20D554E24159F5C002A258C /* Products */ = {
			isa = PBXGroup;
			children = (
				B20D554D24159F5C002A258C /* WeSplit.app */,
				B20D556324159F5D002A258C /* WeSplitTests.xctest */,
				B20D556E24159F5D002A258C /* WeSplitUITests.xctest */,
			);
			name = Products;
			sourceTree = "<group>";
		};
		B20D554F24159F5C002A258C /* WeSplit */ = {
			isa = PBXGroup;
			children = (
				B20D555024159F5C002A258C /* AppDelegate.swift */,
				B20D555224159F5C002A258C /* SceneDelegate.swift */,
				B20D555424159F5C002A258C /* ContentView.swift */,
				B20D555624159F5D002A258C /* Assets.xcassets */,
				B20D555B24159F5D002A258C /* LaunchScreen.storyboard */,
				B20D555E24159F5D002A258C /* Info.plist */,
				B20D555824159F5D002A258C /* Preview Content */,
			);
			path = WeSplit;
			sourceTree = "<group>";
		};
		B20D555824159F5D002A258C /* Preview Content */ = {
			isa = PBXGroup;
			children = (
				B20D555924159F5D002A258C /* Preview Assets.xcassets */,
			);
			path = "Preview Content";
			sourceTree = "<group>";
		};
		B20D556624159F5D002A258C /* WeSplitTests */ = {
			isa = PBXGroup;
			children = (
				B20D556724159F5D002A258C /* WeSplitTests.swift */,
				B20D556924159F5D002A258C /* Info.plist */,
			);
			path = WeSplitTests;
			sourceTree = "<group>";
		};
		B20D557124159F5D002A258C /* WeSplitUITests */ = {
			isa = PBXGroup;
			children = (
				B20D557224159F5D002A258C /* WeSplitUITests.swift */,
				B20D557424159F5D002A258C /* Info.plist */,
			);
			path = WeSplitUITests;
			sourceTree = "<group>";
		};
/* End PBXGroup section */

/* Begin PBXNativeTarget section */
		B20D554C24159F5C002A258C /* WeSplit */ = {
			isa = PBXNativeTarget;
			buildConfigurationList = B20D557724159F5D002A258C /* Build configuration list for PBXNativeTarget "WeSplit" */;
			buildPhases = (
				B20D554924159F5C002A258C /* Sources */,
				B20D554A24159F5C002A258C /* Frameworks */,
				B20D554B24159F5C002A258C /* Resources */,
			);
			buildRules = (
			);
			dependencies = (
			);
			name = WeSplit;
			productName = WeSplit;
			productReference = B20D554D24159F5C002A258C /* WeSplit.app */;
			productType = "com.apple.product-type.application";
		};
		B20D556224159F5D002A258C /* WeSplitTests */ = {
			isa = PBXNativeTarget;
			buildConfigurationList = B20D557A24159F5D002A258C /* Build configuration list for PBXNativeTarget "WeSplitTests" */;
			buildPhases = (
				B20D555F24159F5D002A258C /* Sources */,
				B20D556024159F5D002A258C /* Frameworks */,
				B20D556124159F5D002A258C /* Resources */,
			);
			buildRules = (
			);
			dependencies = (
				B20D556524159F5D002A258C /* PBXTargetDependency */,
			);
			name = WeSplitTests;
			productName = WeSplitTests;
			productReference = B20D556324159F5D002A258C /* WeSplitTests.xctest */;
			productType = "com.apple.product-type.bundle.unit-test";
		};
		B20D556D24159F5D002A258C /* WeSplitUITests */ = {
			isa = PBXNativeTarget;
			buildConfigurationList = B20D557D24159F5D002A258C /* Build configuration list for PBXNativeTarget "WeSplitUITests" */;
			buildPhases = (
				B20D556A24159F5D002A258C /* Sources */,
				B20D556B24159F5D002A258C /* Frameworks */,
				B20D556C24159F5D002A258C /* Resources */,
			);
			buildRules = (
			);
			dependencies = (
				B20D557024159F5D002A258C /* PBXTargetDependency */,
			);
			name = WeSplitUITests;
			productName = WeSplitUITests;
			productReference = B20D556E24159F5D002A258C /* WeSplitUITests.xctest */;
			productType = "com.apple.product-type.bundle.ui-testing";
		};
/* End PBXNativeTarget section */

/* Begin PBXProject section */
		B20D554524159F5C002A258C /* Project object */ = {
			isa = PBXProject;
			attributes = {
				LastSwiftUpdateCheck = 1130;
				LastUpgradeCheck = 1130;
				TargetAttributes = {
					B20D554C24159F5C002A258C = {
						CreatedOnToolsVersion = 11.3.1;
					};
					B20D556224159F5D002A258C = {
						CreatedOnToolsVersion = 11.3.1;
						TestTargetID = B20D554C24159F5C002A258C;
					};
					B20D556D24159F5D002A258C = {
						CreatedOnToolsVersion = 11.3.1;
						TestTargetID = B20D554C24159F5C002A258C;
					};
				};
			};
			buildConfigurationList = B20D554824159F5C002A258C /* Build configuration list for PBXProject "WeSplit" */;
			compatibilityVersion = "Xcode 9.3";
			developmentRegion = en;
			hasScannedForEncodings = 0;
			knownRegions = (
				en,
				Base,
			);
			mainGroup = B20D554424159F5C002A258C;
			productRefGroup = B20D554E24159F5C002A258C /* Products */;
			projectDirPath = "";
			projectRoot = "";
			targets = (
				B20D554C24159F5C002A258C /* WeSplit */,
				B20D556224159F5D002A258C /* WeSplitTests */,
				B20D556D24159F5D002A258C /* WeSplitUITests */,
			);
		};
/* End PBXProject section */

/* Begin PBXResourcesBuildPhase section */
		B20D554B24159F5C002A258C /* Resources */ = {
			isa = PBXResourcesBuildPhase;
			buildActionMask = 2147483647;
			files = (
				B20D555D24159F5D002A258C /* LaunchScreen.storyboard in Resources */,
				B20D555A24159F5D002A258C /* Preview Assets.xcassets in Resources */,
				B20D555724159F5D002A258C /* Assets.xcassets in Resources */,
			);
			runOnlyForDeploymentPostprocessing = 0;
		};
		B20D556124159F5D002A258C /* Resources */ = {
			isa = PBXResourcesBuildPhase;
			buildActionMask = 2147483647;
			files = (
			);
			runOnlyForDeploymentPostprocessing = 0;
		};
		B20D556C24159F5D002A258C /* Resources */ = {
			isa = PBXResourcesBuildPhase;
			buildActionMask = 2147483647;
			files = (
			);
			runOnlyForDeploymentPostprocessing = 0;
		};
/* End PBXResourcesBuildPhase section */

/* Begin PBXSourcesBuildPhase section */
		B20D554924159F5C002A258C /* Sources */ = {
			isa = PBXSourcesBuildPhase;
			buildActionMask = 2147483647;
			files = (
				B20D555124159F5C002A258C /* AppDelegate.swift in Sources */,
				B20D555324159F5C002A258C /* SceneDelegate.swift in Sources */,
				B20D555524159F5C002A258C /* ContentView.swift in Sources */,
			);
			runOnlyForDeploymentPostprocessing = 0;
		};
		B20D555F24159F5D002A258C /* Sources */ = {
			isa = PBXSourcesBuildPhase;
			buildActionMask = 2147483647;
			files = (
				B20D556824159F5D002A258C /* WeSplitTests.swift in Sources */,
			);
			runOnlyForDeploymentPostprocessing = 0;
		};
		B20D556A24159F5D002A258C /* Sources */ = {
			isa = PBXSourcesBuildPhase;
			buildActionMask = 2147483647;
			files = (
				B20D557324159F5D002A258C /* WeSplitUITests.swift in Sources */,
			);
			runOnlyForDeploymentPostprocessing = 0;
		};
/* End PBXSourcesBuildPhase section */

/* Begin PBXTargetDependency section */
		B20D556524159F5D002A258C /* PBXTargetDependency */ = {
			isa = PBXTargetDependency;
			target = B20D554C24159F5C002A258C /* WeSplit */;
			targetProxy = B20D556424159F5D002A258C /* PBXContainerItemProxy */;
		};
		B20D557024159F5D002A258C /* PBXTargetDependency */ = {
			isa = PBXTargetDependency;
			target = B20D554C24159F5C002A258C /* WeSplit */;
			targetProxy = B20D556F24159F5D002A258C /* PBXContainerItemProxy */;
		};
/* End PBXTargetDependency section */

/* Begin PBXVariantGroup section */
		B20D555B24159F5D002A258C /* LaunchScreen.storyboard */ = {
			isa = PBXVariantGroup;
			children = (
				B20D555C24159F5D002A258C /* Base */,
			);
			name = LaunchScreen.storyboard;
			sourceTree = "<group>";
		};
/* End PBXVariantGroup section */

/* Begin XCBuildConfiguration section */
		B20D557524159F5D002A258C /* Debug */ = {
			isa = XCBuildConfiguration;
			buildSettings = {
				ALWAYS_SEARCH_USER_PATHS = NO;
				CLANG_ANALYZER_NONNULL = YES;
				CLANG_ANALYZER_NUMBER_OBJECT_CONVERSION = YES_AGGRESSIVE;
				CLANG_CXX_LANGUAGE_STANDARD = "gnu++14";
				CLANG_CXX_LIBRARY = "libc++";
				CLANG_ENABLE_MODULES = YES;
				CLANG_ENABLE_OBJC_ARC = YES;
				CLANG_ENABLE_OBJC_WEAK = YES;
				CLANG_WARN_BLOCK_CAPTURE_AUTORELEASING = YES;
				CLANG_WARN_BOOL_CONVERSION = YES;
				CLANG_WARN_COMMA = YES;
				CLANG_WARN_CONSTANT_CONVERSION = YES;
				CLANG_WARN_DEPRECATED_OBJC_IMPLEMENTATIONS = YES;
				CLANG_WARN_DIRECT_OBJC_ISA_USAGE = YES_ERROR;
				CLANG_WARN_DOCUMENTATION_COMMENTS = YES;
				CLANG_WARN_EMPTY_BODY = YES;
				CLANG_WARN_ENUM_CONVERSION = YES;
				CLANG_WARN_INFINITE_RECURSION = YES;
				CLANG_WARN_INT_CONVERSION = YES;
				CLANG_WARN_NON_LITERAL_NULL_CONVERSION = YES;
				CLANG_WARN_OBJC_IMPLICIT_RETAIN_SELF = YES;
				CLANG_WARN_OBJC_LITERAL_CONVERSION = YES;
				CLANG_WARN_OBJC_ROOT_CLASS = YES_ERROR;
				CLANG_WARN_RANGE_LOOP_ANALYSIS = YES;
				CLANG_WARN_STRICT_PROTOTYPES = YES;
				CLANG_WARN_SUSPICIOUS_MOVE = YES;
				CLANG_WARN_UNGUARDED_AVAILABILITY = YES_AGGRESSIVE;
				CLANG_WARN_UNREACHABLE_CODE = YES;
				CLANG_WARN__DUPLICATE_METHOD_MATCH = YES;
				COPY_PHASE_STRIP = NO;
				DEBUG_INFORMATION_FORMAT = dwarf;
				ENABLE_STRICT_OBJC_MSGSEND = YES;
				ENABLE_TESTABILITY = YES;
				GCC_C_LANGUAGE_STANDARD = gnu11;
				GCC_DYNAMIC_NO_PIC = NO;
				GCC_NO_COMMON_BLOCKS = YES;
				GCC_OPTIMIZATION_LEVEL = 0;
				GCC_PREPROCESSOR_DEFINITIONS = (
					"DEBUG=1",
					"$(inherited)",
				);
				GCC_WARN_64_TO_32_BIT_CONVERSION = YES;
				GCC_WARN_ABOUT_RETURN_TYPE = YES_ERROR;
				GCC_WARN_UNDECLARED_SELECTOR = YES;
				GCC_WARN_UNINITIALIZED_AUTOS = YES_AGGRESSIVE;
				GCC_WARN_UNUSED_FUNCTION = YES;
				GCC_WARN_UNUSED_VARIABLE = YES;
				IPHONEOS_DEPLOYMENT_TARGET = 13.2;
				MTL_ENABLE_DEBUG_INFO = INCLUDE_SOURCE;
				MTL_FAST_MATH = YES;
				ONLY_ACTIVE_ARCH = YES;
				SDKROOT = iphoneos;
				SWIFT_ACTIVE_COMPILATION_CONDITIONS = DEBUG;
				SWIFT_OPTIMIZATION_LEVEL = "-Onone";
			};
			name = Debug;
		};
		B20D557624159F5D002A258C /* Release */ = {
			isa = XCBuildConfiguration;
			buildSettings = {
				ALWAYS_SEARCH_USER_PATHS = NO;
				CLANG_ANALYZER_NONNULL = YES;
				CLANG_ANALYZER_NUMBER_OBJECT_CONVERSION = YES_AGGRESSIVE;
				CLANG_CXX_LANGUAGE_STANDARD = "gnu++14";
				CLANG_CXX_LIBRARY = "libc++";
				CLANG_ENABLE_MODULES = YES;
				CLANG_ENABLE_OBJC_ARC = YES;
				CLANG_ENABLE_OBJC_WEAK = YES;
				CLANG_WARN_BLOCK_CAPTURE_AUTORELEASING = YES;
				CLANG_WARN_BOOL_CONVERSION = YES;
				CLANG_WARN_COMMA = YES;
				CLANG_WARN_CONSTANT_CONVERSION = YES;
				CLANG_WARN_DEPRECATED_OBJC_IMPLEMENTATIONS = YES;
				CLANG_WARN_DIRECT_OBJC_ISA_USAGE = YES_ERROR;
				CLANG_WARN_DOCUMENTATION_COMMENTS = YES;
				CLANG_WARN_EMPTY_BODY = YES;
				CLANG_WARN_ENUM_CONVERSION = YES;
				CLANG_WARN_INFINITE_RECURSION = YES;
				CLANG_WARN_INT_CONVERSION = YES;
				CLANG_WARN_NON_LITERAL_NULL_CONVERSION = YES;
				CLANG_WARN_OBJC_IMPLICIT_RETAIN_SELF = YES;
				CLANG_WARN_OBJC_LITERAL_CONVERSION = YES;
				CLANG_WARN_OBJC_ROOT_CLASS = YES_ERROR;
				CLANG_WARN_RANGE_LOOP_ANALYSIS = YES;
				CLANG_WARN_STRICT_PROTOTYPES = YES;
				CLANG_WARN_SUSPICIOUS_MOVE = YES;
				CLANG_WARN_UNGUARDED_AVAILABILITY = YES_AGGRESSIVE;
				CLANG_WARN_UNREACHABLE_CODE = YES;
				CLANG_WARN__DUPLICATE_METHOD_MATCH = YES;
				COPY_PHASE_STRIP = NO;
				DEBUG_INFORMATION_FORMAT = "dwarf-with-dsym";
				ENABLE_NS_ASSERTIONS = NO;
				ENABLE_STRICT_OBJC_MSGSEND = YES;
				GCC_C_LANGUAGE_STANDARD = gnu11;
				GCC_NO_COMMON_BLOCKS = YES;
				GCC_WARN_64_TO_32_BIT_CONVERSION = YES;
				GCC_WARN_ABOUT_RETURN_TYPE = YES_ERROR;
				GCC_WARN_UNDECLARED_SELECTOR = YES;
				GCC_WARN_UNINITIALIZED_AUTOS = YES_AGGRESSIVE;
				GCC_WARN_UNUSED_FUNCTION = YES;
				GCC_WARN_UNUSED_VARIABLE = YES;
				IPHONEOS_DEPLOYMENT_TARGET = 13.2;
				MTL_ENABLE_DEBUG_INFO = NO;
				MTL_FAST_MATH = YES;
				SDKROOT = iphoneos;
				SWIFT_COMPILATION_MODE = wholemodule;
				SWIFT_OPTIMIZATION_LEVEL = "-O";
				VALIDATE_PRODUCT = YES;
			};
			name = Release;
		};
		B20D557824159F5D002A258C /* Debug */ = {
			isa = XCBuildConfiguration;
			buildSettings = {
				ASSETCATALOG_COMPILER_APPICON_NAME = AppIcon;
				CODE_SIGN_STYLE = Automatic;
				DEVELOPMENT_ASSET_PATHS = "\"WeSplit/Preview Content\"";
				ENABLE_PREVIEWS = YES;
				INFOPLIST_FILE = WeSplit/Info.plist;
				LD_RUNPATH_SEARCH_PATHS = (
					"$(inherited)",
					"@executable_path/Frameworks",
				);
				PRODUCT_BUNDLE_IDENTIFIER = com.jeanniesarah.WeSplit;
				PRODUCT_NAME = "$(TARGET_NAME)";
				SWIFT_VERSION = 5.0;
				TARGETED_DEVICE_FAMILY = "1,2";
			};
			name = Debug;
		};
		B20D557924159F5D002A258C /* Release */ = {
			isa = XCBuildConfiguration;
			buildSettings = {
				ASSETCATALOG_COMPILER_APPICON_NAME = AppIcon;
				CODE_SIGN_STYLE = Automatic;
				DEVELOPMENT_ASSET_PATHS = "\"WeSplit/Preview Content\"";
				ENABLE_PREVIEWS = YES;
				INFOPLIST_FILE = WeSplit/Info.plist;
				LD_RUNPATH_SEARCH_PATHS = (
					"$(inherited)",
					"@executable_path/Frameworks",
				);
				PRODUCT_BUNDLE_IDENTIFIER = com.jeanniesarah.WeSplit;
				PRODUCT_NAME = "$(TARGET_NAME)";
				SWIFT_VERSION = 5.0;
				TARGETED_DEVICE_FAMILY = "1,2";
			};
			name = Release;
		};
		B20D557B24159F5D002A258C /* Debug */ = {
			isa = XCBuildConfiguration;
			buildSettings = {
				ALWAYS_EMBED_SWIFT_STANDARD_LIBRARIES = YES;
				BUNDLE_LOADER = "$(TEST_HOST)";
				CODE_SIGN_STYLE = Automatic;
				INFOPLIST_FILE = WeSplitTests/Info.plist;
				IPHONEOS_DEPLOYMENT_TARGET = 13.2;
				LD_RUNPATH_SEARCH_PATHS = (
					"$(inherited)",
					"@executable_path/Frameworks",
					"@loader_path/Frameworks",
				);
				PRODUCT_BUNDLE_IDENTIFIER = com.jeanniesarah.WeSplitTests;
				PRODUCT_NAME = "$(TARGET_NAME)";
				SWIFT_VERSION = 5.0;
				TARGETED_DEVICE_FAMILY = "1,2";
				TEST_HOST = "$(BUILT_PRODUCTS_DIR)/WeSplit.app/WeSplit";
			};
			name = Debug;
		};
		B20D557C24159F5D002A258C /* Release */ = {
			isa = XCBuildConfiguration;
			buildSettings = {
				ALWAYS_EMBED_SWIFT_STANDARD_LIBRARIES = YES;
				BUNDLE_LOADER = "$(TEST_HOST)";
				CODE_SIGN_STYLE = Automatic;
				INFOPLIST_FILE = WeSplitTests/Info.plist;
				IPHONEOS_DEPLOYMENT_TARGET = 13.2;
				LD_RUNPATH_SEARCH_PATHS = (
					"$(inherited)",
					"@executable_path/Frameworks",
					"@loader_path/Frameworks",
				);
				PRODUCT_BUNDLE_IDENTIFIER = com.jeanniesarah.WeSplitTests;
				PRODUCT_NAME = "$(TARGET_NAME)";
				SWIFT_VERSION = 5.0;
				TARGETED_DEVICE_FAMILY = "1,2";
				TEST_HOST = "$(BUILT_PRODUCTS_DIR)/WeSplit.app/WeSplit";
			};
			name = Release;
		};
		B20D557E24159F5D002A258C /* Debug */ = {
			isa = XCBuildConfiguration;
			buildSettings = {
				ALWAYS_EMBED_SWIFT_STANDARD_LIBRARIES = YES;
				CODE_SIGN_STYLE = Automatic;
				INFOPLIST_FILE = WeSplitUITests/Info.plist;
				LD_RUNPATH_SEARCH_PATHS = (
					"$(inherited)",
					"@executable_path/Frameworks",
					"@loader_path/Frameworks",
				);
				PRODUCT_BUNDLE_IDENTIFIER = com.jeanniesarah.WeSplitUITests;
				PRODUCT_NAME = "$(TARGET_NAME)";
				SWIFT_VERSION = 5.0;
				TARGETED_DEVICE_FAMILY = "1,2";
				TEST_TARGET_NAME = WeSplit;
			};
			name = Debug;
		};
		B20D557F24159F5D002A258C /* Release */ = {
			isa = XCBuildConfiguration;
			buildSettings = {
				ALWAYS_EMBED_SWIFT_STANDARD_LIBRARIES = YES;
				CODE_SIGN_STYLE = Automatic;
				INFOPLIST_FILE = WeSplitUITests/Info.plist;
				LD_RUNPATH_SEARCH_PATHS = (
					"$(inherited)",
					"@executable_path/Frameworks",
					"@loader_path/Frameworks",
				);
				PRODUCT_BUNDLE_IDENTIFIER = com.jeanniesarah.WeSplitUITests;
				PRODUCT_NAME = "$(TARGET_NAME)";
				SWIFT_VERSION = 5.0;
				TARGETED_DEVICE_FAMILY = "1,2";
				TEST_TARGET_NAME = WeSplit;
			};
			name = Release;
		};
/* End XCBuildConfiguration section */

/* Begin XCConfigurationList section */
		B20D554824159F5C002A258C /* Build configuration list for PBXProject "WeSplit" */ = {
			isa = XCConfigurationList;
			buildConfigurations = (
				B20D557524159F5D002A258C /* Debug */,
				B20D557624159F5D002A258C /* Release */,
			);
			defaultConfigurationIsVisible = 0;
			defaultConfigurationName = Release;
		};
		B20D557724159F5D002A258C /* Build configuration list for PBXNativeTarget "WeSplit" */ = {
			isa = XCConfigurationList;
			buildConfigurations = (
				B20D557824159F5D002A258C /* Debug */,
				B20D557924159F5D002A258C /* Release */,
			);
			defaultConfigurationIsVisible = 0;
			defaultConfigurationName = Release;
		};
		B20D557A24159F5D002A258C /* Build configuration list for PBXNativeTarget "WeSplitTests" */ = {
			isa = XCConfigurationList;
			buildConfigurations = (
				B20D557B24159F5D002A258C /* Debug */,
				B20D557C24159F5D002A258C /* Release */,
			);
			defaultConfigurationIsVisible = 0;
			defaultConfigurationName = Release;
		};
		B20D557D24159F5D002A258C /* Build configuration list for PBXNativeTarget "WeSplitUITests" */ = {
			isa = XCConfigurationList;
			buildConfigurations = (
				B20D557E24159F5D002A258C /* Debug */,
				B20D557F24159F5D002A258C /* Release */,
			);
			defaultConfigurationIsVisible = 0;
			defaultConfigurationName = Release;
		};
/* End XCConfigurationList section */
	};
	rootObject = B20D554524159F5C002A258C /* Project object */;
}
